
Microsoft Visual Studio Solution File, Format Version 12.00
# Visual Studio Version 17
VisualStudioVersion = 17.2.32516.85
MinimumVisualStudioVersion = 10.0.40219.1
Project("{8BC9CEB8-8B4A-11D0-8D11-00A0C91BC942}") = "MazeEditior", "MazeEditior\MazeEditior.vcxproj", "{A932EE44-3161-40E5-BD7D-FAEE345DBF43}"
EndProject
Global
	GlobalSection(SolutionConfigurationPlatforms) = preSolution
		Debug|x64 = Debug|x64
		Debug|x86 = Debug|x86
		Release|x64 = Release|x64
		Release|x86 = Release|x86
	EndGlobalSection
	GlobalSection(ProjectConfigurationPlatforms) = postSolution
		{A932EE44-3161-40E5-BD7D-FAEE345DBF43}.Debug|x64.ActiveCfg = Debug|x64
		{A932EE44-3161-40E5-BD7D-FAEE345DBF43}.Debug|x64.Build.0 = Debug|x64
		{A932EE44-3161-40E5-BD7D-FAEE345DBF43}.Debug|x86.ActiveCfg = Debug|Win32
		{A932EE44-3161-40E5-BD7D-FAEE345DBF43}.Debug|x86.Build.0 = Debug|Win32
		{A932EE44-3161-40E5-BD7D-FAEE345DBF43}.Release|x64.ActiveCfg = Release|x64
		{A932EE44-3161-40E5-BD7D-FAEE345DBF43}.Release|x64.Build.0 = Release|x64
		{A932EE44-3161-40E5-BD7D-FAEE345DBF43}.Release|x86.ActiveCfg = Release|Win32
		{A932EE44-3161-40E5-BD7D-FAEE345DBF43}.Release|x86.Build.0 = Release|Win32
	EndGlobalSection
	GlobalSection(SolutionProperties) = preSolution
		HideSolutionNode = FALSE
	EndGlobalSection
	GlobalSection(ExtensibilityGlobals) = postSolution
		SolutionGuid = {16C00BD7-F0ED-466C-88E4-7E1F4FC0E418}
	EndGlobalSection
EndGlobal
